
Microsoft Visual Studio Solution File, Format Version 12.00
# Visual Studio Version 17
VisualStudioVersion = 17.6.33723.286
MinimumVisualStudioVersion = 10.0.40219.1
Project("{2150E333-8FDC-42A3-9474-1A3956D46DE8}") = "Services", "Services", "{AB7F51D6-1A15-4848-AC8D-CE141B3F5340}"
EndProject
Project("{2150E333-8FDC-42A3-9474-1A3956D46DE8}") = "Catalog", "Catalog", "{41D93B1A-D9A4-432C-B5D4-6955AA8C0CC2}"
EndProject
Project("{9A19103F-16F7-4668-BE54-9A1E7A4F7556}") = "FreeCourse.Services.Catalog", "Services\Catalog\Course.Services.Catalog\FreeCourse.Services.Catalog.csproj", "{1964F050-5957-426F-9865-4FFBBD1EC0E6}"
EndProject
Project("{2150E333-8FDC-42A3-9474-1A3956D46DE8}") = "Solution Items", "Solution Items", "{E6B655F0-ACA4-43D7-A02A-8A4A48BB3521}"
	ProjectSection(SolutionItems) = preProject
		Ports.txt = Ports.txt
	EndProjectSection
EndProject
Project("{2150E333-8FDC-42A3-9474-1A3956D46DE8}") = "Shared", "Shared", "{811A5340-0A5C-43DD-A200-96F797B2F7C0}"
EndProject
Project("{9A19103F-16F7-4668-BE54-9A1E7A4F7556}") = "FreeCourse.Shared", "Shared\Course.Shared\FreeCourse.Shared.csproj", "{E15BE30C-4917-4AC2-84C4-6C295F263983}"
EndProject
Project("{2150E333-8FDC-42A3-9474-1A3956D46DE8}") = "IdentityServer", "IdentityServer", "{C5FF5EF3-C2B7-4679-92C8-07A66F88B936}"
EndProject
Project("{9A19103F-16F7-4668-BE54-9A1E7A4F7556}") = "FreeCourse.IdentityServer", "IdentityServer\FreeCourse.IdentityServer\FreeCourse.IdentityServer.csproj", "{69FFE573-954D-4027-98E6-DE669A6A2775}"
EndProject
Global
	GlobalSection(SolutionConfigurationPlatforms) = preSolution
		Debug|Any CPU = Debug|Any CPU
		Release|Any CPU = Release|Any CPU
	EndGlobalSection
	GlobalSection(ProjectConfigurationPlatforms) = postSolution
		{1964F050-5957-426F-9865-4FFBBD1EC0E6}.Debug|Any CPU.ActiveCfg = Debug|Any CPU
		{1964F050-5957-426F-9865-4FFBBD1EC0E6}.Debug|Any CPU.Build.0 = Debug|Any CPU
		{1964F050-5957-426F-9865-4FFBBD1EC0E6}.Release|Any CPU.ActiveCfg = Release|Any CPU
		{1964F050-5957-426F-9865-4FFBBD1EC0E6}.Release|Any CPU.Build.0 = Release|Any CPU
		{E15BE30C-4917-4AC2-84C4-6C295F263983}.Debug|Any CPU.ActiveCfg = Debug|Any CPU
		{E15BE30C-4917-4AC2-84C4-6C295F263983}.Debug|Any CPU.Build.0 = Debug|Any CPU
		{E15BE30C-4917-4AC2-84C4-6C295F263983}.Release|Any CPU.ActiveCfg = Release|Any CPU
		{E15BE30C-4917-4AC2-84C4-6C295F263983}.Release|Any CPU.Build.0 = Release|Any CPU
		{69FFE573-954D-4027-98E6-DE669A6A2775}.Debug|Any CPU.ActiveCfg = Debug|Any CPU
		{69FFE573-954D-4027-98E6-DE669A6A2775}.Debug|Any CPU.Build.0 = Debug|Any CPU
		{69FFE573-954D-4027-98E6-DE669A6A2775}.Release|Any CPU.ActiveCfg = Release|Any CPU
		{69FFE573-954D-4027-98E6-DE669A6A2775}.Release|Any CPU.Build.0 = Release|Any CPU
	EndGlobalSection
	GlobalSection(SolutionProperties) = preSolution
		HideSolutionNode = FALSE
	EndGlobalSection
	GlobalSection(NestedProjects) = preSolution
		{41D93B1A-D9A4-432C-B5D4-6955AA8C0CC2} = {AB7F51D6-1A15-4848-AC8D-CE141B3F5340}
		{1964F050-5957-426F-9865-4FFBBD1EC0E6} = {41D93B1A-D9A4-432C-B5D4-6955AA8C0CC2}
		{E15BE30C-4917-4AC2-84C4-6C295F263983} = {811A5340-0A5C-43DD-A200-96F797B2F7C0}
		{69FFE573-954D-4027-98E6-DE669A6A2775} = {C5FF5EF3-C2B7-4679-92C8-07A66F88B936}
	EndGlobalSection
	GlobalSection(ExtensibilityGlobals) = postSolution
		SolutionGuid = {B39ECB12-4F92-4247-BEC2-82332977A5B0}
	EndGlobalSection
EndGlobal
